// !$*UTF8*$!
{
	archiveVersion = 1;
	classes = {
	};
	objectVersion = 50;
	objects = {

/* Begin PBXBuildFile section */
		1755BB7C2205D5EC00AAD14C /* AppDelegate.swift in Sources */ = {isa = PBXBuildFile; fileRef = 1755BB7B2205D5EC00AAD14C /* AppDelegate.swift */; };
		1755BB7E2205D5EC00AAD14C /* TravelLocationsVC.swift in Sources */ = {isa = PBXBuildFile; fileRef = 1755BB7D2205D5EC00AAD14C /* TravelLocationsVC.swift */; };
		1755BB812205D5EC00AAD14C /* Main.storyboard in Resources */ = {isa = PBXBuildFile; fileRef = 1755BB7F2205D5EC00AAD14C /* Main.storyboard */; };
		1755BB842205D5EC00AAD14C /* Virtual_Tourist.xcdatamodeld in Sources */ = {isa = PBXBuildFile; fileRef = 1755BB822205D5EC00AAD14C /* Virtual_Tourist.xcdatamodeld */; };
		1755BB862205D5ED00AAD14C /* Assets.xcassets in Resources */ = {isa = PBXBuildFile; fileRef = 1755BB852205D5ED00AAD14C /* Assets.xcassets */; };
		1755BB892205D5ED00AAD14C /* LaunchScreen.storyboard in Resources */ = {isa = PBXBuildFile; fileRef = 1755BB872205D5ED00AAD14C /* LaunchScreen.storyboard */; };
		1755BB972205DA3700AAD14C /* PhotoAlbumVC.swift in Sources */ = {isa = PBXBuildFile; fileRef = 1755BB962205DA3700AAD14C /* PhotoAlbumVC.swift */; };
		1755BB992205E13500AAD14C /* DataController.swift in Sources */ = {isa = PBXBuildFile; fileRef = 1755BB982205E13500AAD14C /* DataController.swift */; };
		1755BBA92205E73C00AAD14C /* ViewController+Extensions.swift in Sources */ = {isa = PBXBuildFile; fileRef = 1755BBA82205E73C00AAD14C /* ViewController+Extensions.swift */; };
		1755BBB12205E7E900AAD14C /* PhotosParser.swift in Sources */ = {isa = PBXBuildFile; fileRef = 1755BBAC2205E7E900AAD14C /* PhotosParser.swift */; };
		1755BBC02205E97E00AAD14C /* Photo+CoreDataClass.swift in Sources */ = {isa = PBXBuildFile; fileRef = 1755BBBC2205E97E00AAD14C /* Photo+CoreDataClass.swift */; };
		1755BBC12205E97E00AAD14C /* Photo+CoreDataProperties.swift in Sources */ = {isa = PBXBuildFile; fileRef = 1755BBBD2205E97E00AAD14C /* Photo+CoreDataProperties.swift */; };
		1755BBC22205E97E00AAD14C /* Pin+CoreDataClass.swift in Sources */ = {isa = PBXBuildFile; fileRef = 1755BBBE2205E97E00AAD14C /* Pin+CoreDataClass.swift */; };
		1755BBC32205E97E00AAD14C /* Pin+CoreDataProperties.swift in Sources */ = {isa = PBXBuildFile; fileRef = 1755BBBF2205E97E00AAD14C /* Pin+CoreDataProperties.swift */; };
		1755BBC62205F2B600AAD14C /* NetworkConstants.swift in Sources */ = {isa = PBXBuildFile; fileRef = 1755BBC52205F2B600AAD14C /* NetworkConstants.swift */; };
		1755BBC82205F2ED00AAD14C /* Network.swift in Sources */ = {isa = PBXBuildFile; fileRef = 1755BBC72205F2ED00AAD14C /* Network.swift */; };
		1755BBCE220610C300AAD14C /* PhotoAlbumVC+Extension.swift in Sources */ = {isa = PBXBuildFile; fileRef = 1755BBCD220610C300AAD14C /* PhotoAlbumVC+Extension.swift */; };
		1755BBD02206114200AAD14C /* PhotoCollectionViewCell.swift in Sources */ = {isa = PBXBuildFile; fileRef = 1755BBCF2206114200AAD14C /* PhotoCollectionViewCell.swift */; };
		1769B3D522074F88009B3E2E /* README.md in Resources */ = {isa = PBXBuildFile; fileRef = 1769B3D422074F88009B3E2E /* README.md */; };
		F0CD450910D8667E661817BF /* Pods_Virtual_Tourist.framework in Frameworks */ = {isa = PBXBuildFile; fileRef = 74227220DCBD22994A007624 /* Pods_Virtual_Tourist.framework */; };
/* End PBXBuildFile section */

/* Begin PBXFileReference section */
		08A37EFB394026870E31E936 /* Pods-Virtual Tourist.debug.xcconfig */ = {isa = PBXFileReference; includeInIndex = 1; lastKnownFileType = text.xcconfig; name = "Pods-Virtual Tourist.debug.xcconfig"; path = "Pods/Target Support Files/Pods-Virtual Tourist/Pods-Virtual Tourist.debug.xcconfig"; sourceTree = "<group>"; };
		1755BB782205D5EC00AAD14C /* Virtual Tourist.app */ = {isa = PBXFileReference; explicitFileType = wrapper.application; includeInIndex = 0; path = "Virtual Tourist.app"; sourceTree = BUILT_PRODUCTS_DIR; };
		1755BB7B2205D5EC00AAD14C /* AppDelegate.swift */ = {isa = PBXFileReference; lastKnownFileType = sourcecode.swift; path = AppDelegate.swift; sourceTree = "<group>"; };
		1755BB7D2205D5EC00AAD14C /* TravelLocationsVC.swift */ = {isa = PBXFileReference; lastKnownFileType = sourcecode.swift; path = TravelLocationsVC.swift; sourceTree = "<group>"; };
		1755BB802205D5EC00AAD14C /* Base */ = {isa = PBXFileReference; lastKnownFileType = file.storyboard; name = Base; path = Base.lproj/Main.storyboard; sourceTree = "<group>"; };
		1755BB832205D5EC00AAD14C /* Virtual_Tourist.xcdatamodel */ = {isa = PBXFileReference; lastKnownFileType = wrapper.xcdatamodel; path = Virtual_Tourist.xcdatamodel; sourceTree = "<group>"; };
		1755BB852205D5ED00AAD14C /* Assets.xcassets */ = {isa = PBXFileReference; lastKnownFileType = folder.assetcatalog; path = Assets.xcassets; sourceTree = "<group>"; };
		1755BB882205D5ED00AAD14C /* Base */ = {isa = PBXFileReference; lastKnownFileType = file.storyboard; name = Base; path = Base.lproj/LaunchScreen.storyboard; sourceTree = "<group>"; };
		1755BB8A2205D5ED00AAD14C /* Info.plist */ = {isa = PBXFileReference; lastKnownFileType = text.plist.xml; path = Info.plist; sourceTree = "<group>"; };
		1755BB962205DA3700AAD14C /* PhotoAlbumVC.swift */ = {isa = PBXFileReference; lastKnownFileType = sourcecode.swift; path = PhotoAlbumVC.swift; sourceTree = "<group>"; };
		1755BB982205E13500AAD14C /* DataController.swift */ = {isa = PBXFileReference; lastKnownFileType = sourcecode.swift; path = DataController.swift; sourceTree = "<group>"; };
		1755BBA82205E73C00AAD14C /* ViewController+Extensions.swift */ = {isa = PBXFileReference; lastKnownFileType = sourcecode.swift; path = "ViewController+Extensions.swift"; sourceTree = "<group>"; };
		1755BBAC2205E7E900AAD14C /* PhotosParser.swift */ = {isa = PBXFileReference; fileEncoding = 4; lastKnownFileType = sourcecode.swift; path = PhotosParser.swift; sourceTree = "<group>"; };
		1755BBBC2205E97E00AAD14C /* Photo+CoreDataClass.swift */ = {isa = PBXFileReference; lastKnownFileType = sourcecode.swift; path = "Photo+CoreDataClass.swift"; sourceTree = "<group>"; };
		1755BBBD2205E97E00AAD14C /* Photo+CoreDataProperties.swift */ = {isa = PBXFileReference; lastKnownFileType = sourcecode.swift; path = "Photo+CoreDataProperties.swift"; sourceTree = "<group>"; };
		1755BBBE2205E97E00AAD14C /* Pin+CoreDataClass.swift */ = {isa = PBXFileReference; lastKnownFileType = sourcecode.swift; path = "Pin+CoreDataClass.swift"; sourceTree = "<group>"; };
		1755BBBF2205E97E00AAD14C /* Pin+CoreDataProperties.swift */ = {isa = PBXFileReference; lastKnownFileType = sourcecode.swift; path = "Pin+CoreDataProperties.swift"; sourceTree = "<group>"; };
		1755BBC52205F2B600AAD14C /* NetworkConstants.swift */ = {isa = PBXFileReference; lastKnownFileType = sourcecode.swift; path = NetworkConstants.swift; sourceTree = "<group>"; };
		1755BBC72205F2ED00AAD14C /* Network.swift */ = {isa = PBXFileReference; lastKnownFileType = sourcecode.swift; path = Network.swift; sourceTree = "<group>"; };
		1755BBCD220610C300AAD14C /* PhotoAlbumVC+Extension.swift */ = {isa = PBXFileReference; lastKnownFileType = sourcecode.swift; path = "PhotoAlbumVC+Extension.swift"; sourceTree = "<group>"; };
		1755BBCF2206114200AAD14C /* PhotoCollectionViewCell.swift */ = {isa = PBXFileReference; lastKnownFileType = sourcecode.swift; path = PhotoCollectionViewCell.swift; sourceTree = "<group>"; };
		1769B3D422074F88009B3E2E /* README.md */ = {isa = PBXFileReference; lastKnownFileType = net.daringfireball.markdown; path = README.md; sourceTree = SOURCE_ROOT; };
		74227220DCBD22994A007624 /* Pods_Virtual_Tourist.framework */ = {isa = PBXFileReference; explicitFileType = wrapper.framework; includeInIndex = 0; path = Pods_Virtual_Tourist.framework; sourceTree = BUILT_PRODUCTS_DIR; };
		B4FA5EFD3A68C715A75AD835 /* Pods-Virtual Tourist.release.xcconfig */ = {isa = PBXFileReference; includeInIndex = 1; lastKnownFileType = text.xcconfig; name = "Pods-Virtual Tourist.release.xcconfig"; path = "Pods/Target Support Files/Pods-Virtual Tourist/Pods-Virtual Tourist.release.xcconfig"; sourceTree = "<group>"; };
/* End PBXFileReference section */

/* Begin PBXFrameworksBuildPhase section */
		1755BB752205D5EC00AAD14C /* Frameworks */ = {
			isa = PBXFrameworksBuildPhase;
			buildActionMask = 2147483647;
			files = (
				F0CD450910D8667E661817BF /* Pods_Virtual_Tourist.framework in Frameworks */,
			);
			runOnlyForDeploymentPostprocessing = 0;
		};
/* End PBXFrameworksBuildPhase section */

/* Begin PBXGroup section */
		1755BB6F2205D5EC00AAD14C = {
			isa = PBXGroup;
			children = (
				1769B3D422074F88009B3E2E /* README.md */,
				1755BB7A2205D5EC00AAD14C /* Virtual Tourist */,
				1755BB792205D5EC00AAD14C /* Products */,
				AD012FF71803FE76C83DA36F /* Pods */,
				7042E5FEFB64926803325621 /* Frameworks */,
			);
			sourceTree = "<group>";
		};
		1755BB792205D5EC00AAD14C /* Products */ = {
			isa = PBXGroup;
			children = (
				1755BB782205D5EC00AAD14C /* Virtual Tourist.app */,
			);
			name = Products;
			sourceTree = "<group>";
		};
		1755BB7A2205D5EC00AAD14C /* Virtual Tourist */ = {
			isa = PBXGroup;
			children = (
				1755BB7B2205D5EC00AAD14C /* AppDelegate.swift */,
				1755BBC42205F0E600AAD14C /* Networking */,
				1755BBA72205E72F00AAD14C /* Extensions */,
				1755BB932205D8C000AAD14C /* Resources */,
				1755BB922205D8AB00AAD14C /* Controllers */,
				1755BB912205D8A400AAD14C /* Models */,
				1755BB902205D88F00AAD14C /* Views */,
			);
			path = "Virtual Tourist";
			sourceTree = "<group>";
		};
		1755BB902205D88F00AAD14C /* Views */ = {
			isa = PBXGroup;
			children = (
				1755BB872205D5ED00AAD14C /* LaunchScreen.storyboard */,
				1755BB7F2205D5EC00AAD14C /* Main.storyboard */,
				1755BBCF2206114200AAD14C /* PhotoCollectionViewCell.swift */,
			);
			path = Views;
			sourceTree = "<group>";
		};
		1755BB912205D8A400AAD14C /* Models */ = {
			isa = PBXGroup;
			children = (
				1755BBBC2205E97E00AAD14C /* Photo+CoreDataClass.swift */,
				1755BBBD2205E97E00AAD14C /* Photo+CoreDataProperties.swift */,
				1755BBBE2205E97E00AAD14C /* Pin+CoreDataClass.swift */,
				1755BBBF2205E97E00AAD14C /* Pin+CoreDataProperties.swift */,
				1755BBAC2205E7E900AAD14C /* PhotosParser.swift */,
				1755BB822205D5EC00AAD14C /* Virtual_Tourist.xcdatamodeld */,
				1755BB982205E13500AAD14C /* DataController.swift */,
			);
			path = Models;
			sourceTree = "<group>";
		};
		1755BB922205D8AB00AAD14C /* Controllers */ = {
			isa = PBXGroup;
			children = (
				1755BB7D2205D5EC00AAD14C /* TravelLocationsVC.swift */,
				1755BB962205DA3700AAD14C /* PhotoAlbumVC.swift */,
				1755BBCD220610C300AAD14C /* PhotoAlbumVC+Extension.swift */,
			);
			path = Controllers;
			sourceTree = "<group>";
		};
		1755BB932205D8C000AAD14C /* Resources */ = {
			isa = PBXGroup;
			children = (
				1755BB852205D5ED00AAD14C /* Assets.xcassets */,
				1755BB8A2205D5ED00AAD14C /* Info.plist */,
			);
			path = Resources;
			sourceTree = "<group>";
		};
		1755BBA72205E72F00AAD14C /* Extensions */ = {
			isa = PBXGroup;
			children = (
				1755BBA82205E73C00AAD14C /* ViewController+Extensions.swift */,
			);
			path = Extensions;
			sourceTree = "<group>";
		};
		1755BBC42205F0E600AAD14C /* Networking */ = {
			isa = PBXGroup;
			children = (
				1755BBC52205F2B600AAD14C /* NetworkConstants.swift */,
				1755BBC72205F2ED00AAD14C /* Network.swift */,
			);
			path = Networking;
			sourceTree = "<group>";
		};
		7042E5FEFB64926803325621 /* Frameworks */ = {
			isa = PBXGroup;
			children = (
				74227220DCBD22994A007624 /* Pods_Virtual_Tourist.framework */,
			);
			name = Frameworks;
			sourceTree = "<group>";
		};
		AD012FF71803FE76C83DA36F /* Pods */ = {
			isa = PBXGroup;
			children = (
				08A37EFB394026870E31E936 /* Pods-Virtual Tourist.debug.xcconfig */,
				B4FA5EFD3A68C715A75AD835 /* Pods-Virtual Tourist.release.xcconfig */,
			);
			name = Pods;
			sourceTree = "<group>";
		};
/* End PBXGroup section */

/* Begin PBXNativeTarget section */
		1755BB772205D5EC00AAD14C /* Virtual Tourist */ = {
			isa = PBXNativeTarget;
			buildConfigurationList = 1755BB8D2205D5ED00AAD14C /* Build configuration list for PBXNativeTarget "Virtual Tourist" */;
			buildPhases = (
				B6EDC8D39AA958C5EA0450F6 /* [CP] Check Pods Manifest.lock */,
				1755BB742205D5EC00AAD14C /* Sources */,
				1755BB752205D5EC00AAD14C /* Frameworks */,
				1755BB762205D5EC00AAD14C /* Resources */,
				E2C80D2CA843BCADB849119D /* [CP] Embed Pods Frameworks */,
			);
			buildRules = (
			);
			dependencies = (
			);
			name = "Virtual Tourist";
			productName = "Virtual Tourist";
			productReference = 1755BB782205D5EC00AAD14C /* Virtual Tourist.app */;
			productType = "com.apple.product-type.application";
		};
/* End PBXNativeTarget section */

/* Begin PBXProject section */
		1755BB702205D5EC00AAD14C /* Project object */ = {
			isa = PBXProject;
			attributes = {
				LastSwiftUpdateCheck = 1010;
				LastUpgradeCheck = 1010;
				ORGANIZATIONNAME = "Saud Alhelali";
				TargetAttributes = {
					1755BB772205D5EC00AAD14C = {
						CreatedOnToolsVersion = 10.1;
					};
				};
			};
			buildConfigurationList = 1755BB732205D5EC00AAD14C /* Build configuration list for PBXProject "Virtual Tourist" */;
			compatibilityVersion = "Xcode 9.3";
			developmentRegion = en;
			hasScannedForEncodings = 0;
			knownRegions = (
				en,
				Base,
			);
			mainGroup = 1755BB6F2205D5EC00AAD14C;
			productRefGroup = 1755BB792205D5EC00AAD14C /* Products */;
			projectDirPath = "";
			projectRoot = "";
			targets = (
				1755BB772205D5EC00AAD14C /* Virtual Tourist */,
			);
		};
/* End PBXProject section */

/* Begin PBXResourcesBuildPhase section */
		1755BB762205D5EC00AAD14C /* Resources */ = {
			isa = PBXResourcesBuildPhase;
			buildActionMask = 2147483647;
			files = (
				1755BB892205D5ED00AAD14C /* LaunchScreen.storyboard in Resources */,
				1755BB862205D5ED00AAD14C /* Assets.xcassets in Resources */,
				1769B3D522074F88009B3E2E /* README.md in Resources */,
				1755BB812205D5EC00AAD14C /* Main.storyboard in Resources */,
			);
			runOnlyForDeploymentPostprocessing = 0;
		};
/* End PBXResourcesBuildPhase section */

/* Begin PBXShellScriptBuildPhase section */
		B6EDC8D39AA958C5EA0450F6 /* [CP] Check Pods Manifest.lock */ = {
			isa = PBXShellScriptBuildPhase;
			buildActionMask = 2147483647;
			files = (
			);
			inputFileListPaths = (
			);
			inputPaths = (
				"${PODS_PODFILE_DIR_PATH}/Podfile.lock",
				"${PODS_ROOT}/Manifest.lock",
			);
			name = "[CP] Check Pods Manifest.lock";
			outputFileListPaths = (
			);
			outputPaths = (
				"$(DERIVED_FILE_DIR)/Pods-Virtual Tourist-checkManifestLockResult.txt",
			);
			runOnlyForDeploymentPostprocessing = 0;
			shellPath = /bin/sh;
			shellScript = "diff \"${PODS_PODFILE_DIR_PATH}/Podfile.lock\" \"${PODS_ROOT}/Manifest.lock\" > /dev/null\nif [ $? != 0 ] ; then\n    # print error to STDERR\n    echo \"error: The sandbox is not in sync with the Podfile.lock. Run 'pod install' or update your CocoaPods installation.\" >&2\n    exit 1\nfi\n# This output is used by Xcode 'outputs' to avoid re-running this script phase.\necho \"SUCCESS\" > \"${SCRIPT_OUTPUT_FILE_0}\"\n";
			showEnvVarsInLog = 0;
		};
		E2C80D2CA843BCADB849119D /* [CP] Embed Pods Frameworks */ = {
			isa = PBXShellScriptBuildPhase;
			buildActionMask = 2147483647;
			files = (
			);
			inputFileListPaths = (
			);
			inputPaths = (
				"${SRCROOT}/Pods/Target Support Files/Pods-Virtual Tourist/Pods-Virtual Tourist-frameworks.sh",
				"${BUILT_PRODUCTS_DIR}/Kingfisher/Kingfisher.framework",
			);
			name = "[CP] Embed Pods Frameworks";
			outputFileListPaths = (
			);
			outputPaths = (
				"${TARGET_BUILD_DIR}/${FRAMEWORKS_FOLDER_PATH}/Kingfisher.framework",
			);
			runOnlyForDeploymentPostprocessing = 0;
			shellPath = /bin/sh;
			shellScript = "\"${SRCROOT}/Pods/Target Support Files/Pods-Virtual Tourist/Pods-Virtual Tourist-frameworks.sh\"\n";
			showEnvVarsInLog = 0;
		};
/* End PBXShellScriptBuildPhase section */

/* Begin PBXSourcesBuildPhase section */
		1755BB742205D5EC00AAD14C /* Sources */ = {
			isa = PBXSourcesBuildPhase;
			buildActionMask = 2147483647;
			files = (
				1755BBC82205F2ED00AAD14C /* Network.swift in Sources */,
				1755BBC62205F2B600AAD14C /* NetworkConstants.swift in Sources */,
				1755BBB12205E7E900AAD14C /* PhotosParser.swift in Sources */,
				1755BBC22205E97E00AAD14C /* Pin+CoreDataClass.swift in Sources */,
				1755BBA92205E73C00AAD14C /* ViewController+Extensions.swift in Sources */,
				1755BBCE220610C300AAD14C /* PhotoAlbumVC+Extension.swift in Sources */,
				1755BBC32205E97E00AAD14C /* Pin+CoreDataProperties.swift in Sources */,
				1755BBC02205E97E00AAD14C /* Photo+CoreDataClass.swift in Sources */,
				1755BB7E2205D5EC00AAD14C /* TravelLocationsVC.swift in Sources */,
				1755BB972205DA3700AAD14C /* PhotoAlbumVC.swift in Sources */,
				1755BB842205D5EC00AAD14C /* Virtual_Tourist.xcdatamodeld in Sources */,
				1755BBD02206114200AAD14C /* PhotoCollectionViewCell.swift in Sources */,
				1755BBC12205E97E00AAD14C /* Photo+CoreDataProperties.swift in Sources */,
				1755BB7C2205D5EC00AAD14C /* AppDelegate.swift in Sources */,
				1755BB992205E13500AAD14C /* DataController.swift in Sources */,
			);
			runOnlyForDeploymentPostprocessing = 0;
		};
/* End PBXSourcesBuildPhase section */

/* Begin PBXVariantGroup section */
		1755BB7F2205D5EC00AAD14C /* Main.storyboard */ = {
			isa = PBXVariantGroup;
			children = (
				1755BB802205D5EC00AAD14C /* Base */,
			);
			name = Main.storyboard;
			sourceTree = "<group>";
		};
		1755BB872205D5ED00AAD14C /* LaunchScreen.storyboard */ = {
			isa = PBXVariantGroup;
			children = (
				1755BB882205D5ED00AAD14C /* Base */,
			);
			name = LaunchScreen.storyboard;
			sourceTree = "<group>";
		};
/* End PBXVariantGroup section */

/* Begin XCBuildConfiguration section */
		1755BB8B2205D5ED00AAD14C /* Debug */ = {
			isa = XCBuildConfiguration;
			buildSettings = {
				ALWAYS_SEARCH_USER_PATHS = NO;
				CLANG_ANALYZER_NONNULL = YES;
				CLANG_ANALYZER_NUMBER_OBJECT_CONVERSION = YES_AGGRESSIVE;
				CLANG_CXX_LANGUAGE_STANDARD = "gnu++14";
				CLANG_CXX_LIBRARY = "libc++";
				CLANG_ENABLE_MODULES = YES;
				CLANG_ENABLE_OBJC_ARC = YES;
				CLANG_ENABLE_OBJC_WEAK = YES;
				CLANG_WARN_BLOCK_CAPTURE_AUTORELEASING = YES;
				CLANG_WARN_BOOL_CONVERSION = YES;
				CLANG_WARN_COMMA = YES;
				CLANG_WARN_CONSTANT_CONVERSION = YES;
				CLANG_WARN_DEPRECATED_OBJC_IMPLEMENTATIONS = YES;
				CLANG_WARN_DIRECT_OBJC_ISA_USAGE = YES_ERROR;
				CLANG_WARN_DOCUMENTATION_COMMENTS = YES;
				CLANG_WARN_EMPTY_BODY = YES;
				CLANG_WARN_ENUM_CONVERSION = YES;
				CLANG_WARN_INFINITE_RECURSION = YES;
				CLANG_WARN_INT_CONVERSION = YES;
				CLANG_WARN_NON_LITERAL_NULL_CONVERSION = YES;
				CLANG_WARN_OBJC_IMPLICIT_RETAIN_SELF = YES;
				CLANG_WARN_OBJC_LITERAL_CONVERSION = YES;
				CLANG_WARN_OBJC_ROOT_CLASS = YES_ERROR;
				CLANG_WARN_RANGE_LOOP_ANALYSIS = YES;
				CLANG_WARN_STRICT_PROTOTYPES = YES;
				CLANG_WARN_SUSPICIOUS_MOVE = YES;
				CLANG_WARN_UNGUARDED_AVAILABILITY = YES_AGGRESSIVE;
				CLANG_WARN_UNREACHABLE_CODE = YES;
				CLANG_WARN__DUPLICATE_METHOD_MATCH = YES;
				CODE_SIGN_IDENTITY = "iPhone Developer";
				COPY_PHASE_STRIP = NO;
				DEBUG_INFORMATION_FORMAT = dwarf;
				ENABLE_STRICT_OBJC_MSGSEND = YES;
				ENABLE_TESTABILITY = YES;
				GCC_C_LANGUAGE_STANDARD = gnu11;
				GCC_DYNAMIC_NO_PIC = NO;
				GCC_NO_COMMON_BLOCKS = YES;
				GCC_OPTIMIZATION_LEVEL = 0;
				GCC_PREPROCESSOR_DEFINITIONS = (
					"DEBUG=1",
					"$(inherited)",
				);
				GCC_WARN_64_TO_32_BIT_CONVERSION = YES;
				GCC_WARN_ABOUT_RETURN_TYPE = YES_ERROR;
				GCC_WARN_UNDECLARED_SELECTOR = YES;
				GCC_WARN_UNINITIALIZED_AUTOS = YES_AGGRESSIVE;
				GCC_WARN_UNUSED_FUNCTION = YES;
				GCC_WARN_UNUSED_VARIABLE = YES;
				IPHONEOS_DEPLOYMENT_TARGET = 12.1;
				MTL_ENABLE_DEBUG_INFO = INCLUDE_SOURCE;
				MTL_FAST_MATH = YES;
				ONLY_ACTIVE_ARCH = YES;
				SDKROOT = iphoneos;
				SWIFT_ACTIVE_COMPILATION_CONDITIONS = DEBUG;
				SWIFT_OPTIMIZATION_LEVEL = "-Onone";
			};
			name = Debug;
		};
		1755BB8C2205D5ED00AAD14C /* Release */ = {
			isa = XCBuildConfiguration;
			buildSettings = {
				ALWAYS_SEARCH_USER_PATHS = NO;
				CLANG_ANALYZER_NONNULL = YES;
				CLANG_ANALYZER_NUMBER_OBJECT_CONVERSION = YES_AGGRESSIVE;
				CLANG_CXX_LANGUAGE_STANDARD = "gnu++14";
				CLANG_CXX_LIBRARY = "libc++";
				CLANG_ENABLE_MODULES = YES;
				CLANG_ENABLE_OBJC_ARC = YES;
				CLANG_ENABLE_OBJC_WEAK = YES;
				CLANG_WARN_BLOCK_CAPTURE_AUTORELEASING = YES;
				CLANG_WARN_BOOL_CONVERSION = YES;
				CLANG_WARN_COMMA = YES;
				CLANG_WARN_CONSTANT_CONVERSION = YES;
				CLANG_WARN_DEPRECATED_OBJC_IMPLEMENTATIONS = YES;
				CLANG_WARN_DIRECT_OBJC_ISA_USAGE = YES_ERROR;
				CLANG_WARN_DOCUMENTATION_COMMENTS = YES;
				CLANG_WARN_EMPTY_BODY = YES;
				CLANG_WARN_ENUM_CONVERSION = YES;
				CLANG_WARN_INFINITE_RECURSION = YES;
				CLANG_WARN_INT_CONVERSION = YES;
				CLANG_WARN_NON_LITERAL_NULL_CONVERSION = YES;
				CLANG_WARN_OBJC_IMPLICIT_RETAIN_SELF = YES;
				CLANG_WARN_OBJC_LITERAL_CONVERSION = YES;
				CLANG_WARN_OBJC_ROOT_CLASS = YES_ERROR;
				CLANG_WARN_RANGE_LOOP_ANALYSIS = YES;
				CLANG_WARN_STRICT_PROTOTYPES = YES;
				CLANG_WARN_SUSPICIOUS_MOVE = YES;
				CLANG_WARN_UNGUARDED_AVAILABILITY = YES_AGGRESSIVE;
				CLANG_WARN_UNREACHABLE_CODE = YES;
				CLANG_WARN__DUPLICATE_METHOD_MATCH = YES;
				CODE_SIGN_IDENTITY = "iPhone Developer";
				COPY_PHASE_STRIP = NO;
				DEBUG_INFORMATION_FORMAT = "dwarf-with-dsym";
				ENABLE_NS_ASSERTIONS = NO;
				ENABLE_STRICT_OBJC_MSGSEND = YES;
				GCC_C_LANGUAGE_STANDARD = gnu11;
				GCC_NO_COMMON_BLOCKS = YES;
				GCC_WARN_64_TO_32_BIT_CONVERSION = YES;
				GCC_WARN_ABOUT_RETURN_TYPE = YES_ERROR;
				GCC_WARN_UNDECLARED_SELECTOR = YES;
				GCC_WARN_UNINITIALIZED_AUTOS = YES_AGGRESSIVE;
				GCC_WARN_UNUSED_FUNCTION = YES;
				GCC_WARN_UNUSED_VARIABLE = YES;
				IPHONEOS_DEPLOYMENT_TARGET = 12.1;
				MTL_ENABLE_DEBUG_INFO = NO;
				MTL_FAST_MATH = YES;
				SDKROOT = iphoneos;
				SWIFT_COMPILATION_MODE = wholemodule;
				SWIFT_OPTIMIZATION_LEVEL = "-O";
				VALIDATE_PRODUCT = YES;
			};
			name = Release;
		};
		1755BB8E2205D5ED00AAD14C /* Debug */ = {
			isa = XCBuildConfiguration;
			baseConfigurationReference = 08A37EFB394026870E31E936 /* Pods-Virtual Tourist.debug.xcconfig */;
			buildSettings = {
				ASSETCATALOG_COMPILER_APPICON_NAME = AppIcon;
				CODE_SIGN_STYLE = Automatic;
				DEVELOPMENT_TEAM = 8RE8F29B63;
				INFOPLIST_FILE = "Virtual Tourist/Resources/Info.plist";
				LD_RUNPATH_SEARCH_PATHS = (
					"$(inherited)",
					"@executable_path/Frameworks",
				);
				PRODUCT_BUNDLE_IDENTIFIER = "saud.tech.Virtual-Tourist";
				PRODUCT_NAME = "$(TARGET_NAME)";
				SWIFT_VERSION = 4.2;
				TARGETED_DEVICE_FAMILY = "1,2";
			};
			name = Debug;
		};
		1755BB8F2205D5ED00AAD14C /* Release */ = {
			isa = XCBuildConfiguration;
			baseConfigurationReference = B4FA5EFD3A68C715A75AD835 /* Pods-Virtual Tourist.release.xcconfig */;
			buildSettings = {
				ASSETCATALOG_COMPILER_APPICON_NAME = AppIcon;
				CODE_SIGN_STYLE = Automatic;
				DEVELOPMENT_TEAM = 8RE8F29B63;
				INFOPLIST_FILE = "Virtual Tourist/Resources/Info.plist";
				LD_RUNPATH_SEARCH_PATHS = (
					"$(inherited)",
					"@executable_path/Frameworks",
				);
				PRODUCT_BUNDLE_IDENTIFIER = "saud.tech.Virtual-Tourist";
				PRODUCT_NAME = "$(TARGET_NAME)";
				SWIFT_VERSION = 4.2;
				TARGETED_DEVICE_FAMILY = "1,2";
			};
			name = Release;
		};
/* End XCBuildConfiguration section */

/* Begin XCConfigurationList section */
		1755BB732205D5EC00AAD14C /* Build configuration list for PBXProject "Virtual Tourist" */ = {
			isa = XCConfigurationList;
			buildConfigurations = (
				1755BB8B2205D5ED00AAD14C /* Debug */,
				1755BB8C2205D5ED00AAD14C /* Release */,
			);
			defaultConfigurationIsVisible = 0;
			defaultConfigurationName = Release;
		};
		1755BB8D2205D5ED00AAD14C /* Build configuration list for PBXNativeTarget "Virtual Tourist" */ = {
			isa = XCConfigurationList;
			buildConfigurations = (
				1755BB8E2205D5ED00AAD14C /* Debug */,
				1755BB8F2205D5ED00AAD14C /* Release */,
			);
			defaultConfigurationIsVisible = 0;
			defaultConfigurationName = Release;
		};
/* End XCConfigurationList section */

/* Begin XCVersionGroup section */
		1755BB822205D5EC00AAD14C /* Virtual_Tourist.xcdatamodeld */ = {
			isa = XCVersionGroup;
			children = (
				1755BB832205D5EC00AAD14C /* Virtual_Tourist.xcdatamodel */,
			);
			currentVersion = 1755BB832205D5EC00AAD14C /* Virtual_Tourist.xcdatamodel */;
			path = Virtual_Tourist.xcdatamodeld;
			sourceTree = "<group>";
			versionGroupType = wrapper.xcdatamodel;
		};
/* End XCVersionGroup section */
	};
	rootObject = 1755BB702205D5EC00AAD14C /* Project object */;
}
